
Microsoft Visual Studio Solution File, Format Version 12.00
# Visual Studio Version 17
VisualStudioVersion = 17.9.34723.18
MinimumVisualStudioVersion = 10.0.40219.1
Project("{9A19103F-16F7-4668-BE54-9A1E7A4F7556}") = "LibraryAuthentication", "LibraryAuthentication\LibraryAuthentication.csproj", "{118AD4B5-163B-4B8A-B113-C5B5557A3105}"
EndProject
Project("{9A19103F-16F7-4668-BE54-9A1E7A4F7556}") = "AuthenticationTokenService", "..\AuthenticationTokenService\AuthenticationTokenService.csproj", "{CE13AEA9-6F33-4859-ACEE-00676A764FDE}"
EndProject
Project("{FAE04EC0-301F-11D3-BF4B-00C04F79EFBC}") = "MessageService", "..\..\MessageService\MessageService.csproj", "{ACF9E3C1-B004-4CC5-9234-FA97A104D1DF}"
EndProject
Global
	GlobalSection(SolutionConfigurationPlatforms) = preSolution
		Debug|Any CPU = Debug|Any CPU
		Release|Any CPU = Release|Any CPU
	EndGlobalSection
	GlobalSection(ProjectConfigurationPlatforms) = postSolution
		{118AD4B5-163B-4B8A-B113-C5B5557A3105}.Debug|Any CPU.ActiveCfg = Debug|Any CPU
		{118AD4B5-163B-4B8A-B113-C5B5557A3105}.Debug|Any CPU.Build.0 = Debug|Any CPU
		{118AD4B5-163B-4B8A-B113-C5B5557A3105}.Release|Any CPU.ActiveCfg = Release|Any CPU
		{118AD4B5-163B-4B8A-B113-C5B5557A3105}.Release|Any CPU.Build.0 = Release|Any CPU
		{CE13AEA9-6F33-4859-ACEE-00676A764FDE}.Debug|Any CPU.ActiveCfg = Debug|Any CPU
		{CE13AEA9-6F33-4859-ACEE-00676A764FDE}.Debug|Any CPU.Build.0 = Debug|Any CPU
		{CE13AEA9-6F33-4859-ACEE-00676A764FDE}.Release|Any CPU.ActiveCfg = Release|Any CPU
		{CE13AEA9-6F33-4859-ACEE-00676A764FDE}.Release|Any CPU.Build.0 = Release|Any CPU
		{ACF9E3C1-B004-4CC5-9234-FA97A104D1DF}.Debug|Any CPU.ActiveCfg = Debug|Any CPU
		{ACF9E3C1-B004-4CC5-9234-FA97A104D1DF}.Debug|Any CPU.Build.0 = Debug|Any CPU
		{ACF9E3C1-B004-4CC5-9234-FA97A104D1DF}.Release|Any CPU.ActiveCfg = Release|Any CPU
		{ACF9E3C1-B004-4CC5-9234-FA97A104D1DF}.Release|Any CPU.Build.0 = Release|Any CPU
	EndGlobalSection
	GlobalSection(SolutionProperties) = preSolution
		HideSolutionNode = FALSE
	EndGlobalSection
	GlobalSection(ExtensibilityGlobals) = postSolution
		SolutionGuid = {83037D96-7C77-427B-8982-14BDC61F7913}
	EndGlobalSection
EndGlobal
